2
git https://github.com/ducdetronquito/iguanaTLS commit-02814ed522ef9eb8ad33656fa3381e45b8448de5
git https://github.com/MasterQ32/zig-network commit-b9c5282
git https://github.com/ducdetronquito/http commit-05230a9ed2d446946c656d7d2338cb5c6b76deaf
git https://github.com/ducdetronquito/h11 commit-849b9f31d925eb7b3bf647f64e6796ad4787f479
